
Microsoft Visual Studio Solution File, Format Version 12.00
# Visual Studio Version 17
VisualStudioVersion = 17.13.35828.75 d17.13
MinimumVisualStudioVersion = 10.0.40219.1
Project("{FAE04EC0-301F-11D3-BF4B-00C04F79EFBC}") = "ContactGroup", "ContactGroup\ContactGroup.csproj", "{07E525E2-1055-4DE3-AAE7-97AF85E07F84}"
EndProject
Global
	GlobalSection(SolutionConfigurationPlatforms) = preSolution
		Debug|Any CPU = Debug|Any CPU
		Release|Any CPU = Release|Any CPU
	EndGlobalSection
	GlobalSection(ProjectConfigurationPlatforms) = postSolution
		{07E525E2-1055-4DE3-AAE7-97AF85E07F84}.Debug|Any CPU.ActiveCfg = Debug|Any CPU
		{07E525E2-1055-4DE3-AAE7-97AF85E07F84}.Debug|Any CPU.Build.0 = Debug|Any CPU
		{07E525E2-1055-4DE3-AAE7-97AF85E07F84}.Release|Any CPU.ActiveCfg = Release|Any CPU
		{07E525E2-1055-4DE3-AAE7-97AF85E07F84}.Release|Any CPU.Build.0 = Release|Any CPU
	EndGlobalSection
	GlobalSection(SolutionProperties) = preSolution
		HideSolutionNode = FALSE
	EndGlobalSection
	GlobalSection(ExtensibilityGlobals) = postSolution
		SolutionGuid = {EFB38A8E-A4E6-4A4F-B664-10EDDDC9E6D8}
	EndGlobalSection
EndGlobal
